
Microsoft Visual Studio Solution File, Format Version 12.00
# Visual Studio Version 17
VisualStudioVersion = 17.9.34723.18
MinimumVisualStudioVersion = 10.0.40219.1
Project("{2150E333-8FDC-42A3-9474-1A3956D46DE8}") = "src", "src", "{1AF9C308-B600-402F-8728-207E8499CA74}"
EndProject
Project("{2150E333-8FDC-42A3-9474-1A3956D46DE8}") = "test", "test", "{4FF58CF4-7066-4E04-8664-E03F60E61C87}"
EndProject
Project("{2150E333-8FDC-42A3-9474-1A3956D46DE8}") = "UI", "UI", "{787B7CEC-0D2F-4FC5-8BF5-BBA22B783116}"
EndProject
Project("{2150E333-8FDC-42A3-9474-1A3956D46DE8}") = "Core", "Core", "{759BBBDA-CEFD-49CA-890A-AAB7250D6405}"
EndProject
Project("{2150E333-8FDC-42A3-9474-1A3956D46DE8}") = "Infrasturcture", "Infrasturcture", "{A7065F0C-D7C3-4076-A222-41C5166EFDA9}"
EndProject
Project("{2150E333-8FDC-42A3-9474-1A3956D46DE8}") = "API", "API", "{01AC546B-821B-4D3A-BB82-B3DF5E6D0C88}"
EndProject
Project("{9A19103F-16F7-4668-BE54-9A1E7A4F7556}") = "LeaveManagementSytem.Domian", "LeaveManagementSytem.Domian\LeaveManagementSytem.Domian.csproj", "{5D0C35B4-7EEB-4A93-8E0C-6095AA88B31D}"
EndProject
Project("{9A19103F-16F7-4668-BE54-9A1E7A4F7556}") = "LeaveManagementSystem.Application", "LeaveManagementSystem.Application\LeaveManagementSystem.Application.csproj", "{1D37A64B-BC19-4D3C-A6DD-8B5F63E756F1}"
EndProject
Project("{9A19103F-16F7-4668-BE54-9A1E7A4F7556}") = "LeaveManagement.Persistence", "LeaveManagement.Persistence\LeaveManagement.Persistence.csproj", "{279C5521-798F-4256-8EEA-D6B1DFD91BF3}"
EndProject
Project("{9A19103F-16F7-4668-BE54-9A1E7A4F7556}") = "LeaveManagementSystem.Infrastructure", "LeaveManagementSystem.Infrastructure\LeaveManagementSystem.Infrastructure.csproj", "{DF70E1A4-B74D-4CEC-A001-EAB2ACD8B6A4}"
EndProject
Project("{FAE04EC0-301F-11D3-BF4B-00C04F79EFBC}") = "LeaveManagementSystem.Api", "LeaveManagementSystem.Api\LeaveManagementSystem.Api.csproj", "{D3ED9D92-1769-42C4-9B35-276D423ACCC7}"
EndProject
Global
	GlobalSection(SolutionConfigurationPlatforms) = preSolution
		Debug|Any CPU = Debug|Any CPU
		Release|Any CPU = Release|Any CPU
	EndGlobalSection
	GlobalSection(ProjectConfigurationPlatforms) = postSolution
		{5D0C35B4-7EEB-4A93-8E0C-6095AA88B31D}.Debug|Any CPU.ActiveCfg = Debug|Any CPU
		{5D0C35B4-7EEB-4A93-8E0C-6095AA88B31D}.Debug|Any CPU.Build.0 = Debug|Any CPU
		{5D0C35B4-7EEB-4A93-8E0C-6095AA88B31D}.Release|Any CPU.ActiveCfg = Release|Any CPU
		{5D0C35B4-7EEB-4A93-8E0C-6095AA88B31D}.Release|Any CPU.Build.0 = Release|Any CPU
		{1D37A64B-BC19-4D3C-A6DD-8B5F63E756F1}.Debug|Any CPU.ActiveCfg = Debug|Any CPU
		{1D37A64B-BC19-4D3C-A6DD-8B5F63E756F1}.Debug|Any CPU.Build.0 = Debug|Any CPU
		{1D37A64B-BC19-4D3C-A6DD-8B5F63E756F1}.Release|Any CPU.ActiveCfg = Release|Any CPU
		{1D37A64B-BC19-4D3C-A6DD-8B5F63E756F1}.Release|Any CPU.Build.0 = Release|Any CPU
		{279C5521-798F-4256-8EEA-D6B1DFD91BF3}.Debug|Any CPU.ActiveCfg = Debug|Any CPU
		{279C5521-798F-4256-8EEA-D6B1DFD91BF3}.Debug|Any CPU.Build.0 = Debug|Any CPU
		{279C5521-798F-4256-8EEA-D6B1DFD91BF3}.Release|Any CPU.ActiveCfg = Release|Any CPU
		{279C5521-798F-4256-8EEA-D6B1DFD91BF3}.Release|Any CPU.Build.0 = Release|Any CPU
		{DF70E1A4-B74D-4CEC-A001-EAB2ACD8B6A4}.Debug|Any CPU.ActiveCfg = Debug|Any CPU
		{DF70E1A4-B74D-4CEC-A001-EAB2ACD8B6A4}.Debug|Any CPU.Build.0 = Debug|Any CPU
		{DF70E1A4-B74D-4CEC-A001-EAB2ACD8B6A4}.Release|Any CPU.ActiveCfg = Release|Any CPU
		{DF70E1A4-B74D-4CEC-A001-EAB2ACD8B6A4}.Release|Any CPU.Build.0 = Release|Any CPU
		{D3ED9D92-1769-42C4-9B35-276D423ACCC7}.Debug|Any CPU.ActiveCfg = Debug|Any CPU
		{D3ED9D92-1769-42C4-9B35-276D423ACCC7}.Debug|Any CPU.Build.0 = Debug|Any CPU
		{D3ED9D92-1769-42C4-9B35-276D423ACCC7}.Release|Any CPU.ActiveCfg = Release|Any CPU
		{D3ED9D92-1769-42C4-9B35-276D423ACCC7}.Release|Any CPU.Build.0 = Release|Any CPU
	EndGlobalSection
	GlobalSection(SolutionProperties) = preSolution
		HideSolutionNode = FALSE
	EndGlobalSection
	GlobalSection(NestedProjects) = preSolution
		{787B7CEC-0D2F-4FC5-8BF5-BBA22B783116} = {1AF9C308-B600-402F-8728-207E8499CA74}
		{759BBBDA-CEFD-49CA-890A-AAB7250D6405} = {1AF9C308-B600-402F-8728-207E8499CA74}
		{A7065F0C-D7C3-4076-A222-41C5166EFDA9} = {1AF9C308-B600-402F-8728-207E8499CA74}
		{01AC546B-821B-4D3A-BB82-B3DF5E6D0C88} = {1AF9C308-B600-402F-8728-207E8499CA74}
		{5D0C35B4-7EEB-4A93-8E0C-6095AA88B31D} = {759BBBDA-CEFD-49CA-890A-AAB7250D6405}
		{1D37A64B-BC19-4D3C-A6DD-8B5F63E756F1} = {759BBBDA-CEFD-49CA-890A-AAB7250D6405}
		{279C5521-798F-4256-8EEA-D6B1DFD91BF3} = {A7065F0C-D7C3-4076-A222-41C5166EFDA9}
		{DF70E1A4-B74D-4CEC-A001-EAB2ACD8B6A4} = {A7065F0C-D7C3-4076-A222-41C5166EFDA9}
		{D3ED9D92-1769-42C4-9B35-276D423ACCC7} = {01AC546B-821B-4D3A-BB82-B3DF5E6D0C88}
	EndGlobalSection
	GlobalSection(ExtensibilityGlobals) = postSolution
		SolutionGuid = {58CBBB0A-6198-4BD9-90E9-9A41E5C490E1}
	EndGlobalSection
EndGlobal
